
Microsoft Visual Studio Solution File, Format Version 12.00
# Visual Studio Version 17
VisualStudioVersion = 17.0.31912.275
MinimumVisualStudioVersion = 10.0.40219.1
Project("{8BC9CEB8-8B4A-11D0-8D11-00A0C91BC942}") = "20120502", "20120502\20120502.vcxproj", "{ABC2B2B4-3938-4AC4-A73A-1BFB1CE744CF}"
EndProject
Global
	GlobalSection(SolutionConfigurationPlatforms) = preSolution
		Debug|x64 = Debug|x64
		Debug|x86 = Debug|x86
		Release|x64 = Release|x64
		Release|x86 = Release|x86
	EndGlobalSection
	GlobalSection(ProjectConfigurationPlatforms) = postSolution
		{ABC2B2B4-3938-4AC4-A73A-1BFB1CE744CF}.Debug|x64.ActiveCfg = Debug|x64
		{ABC2B2B4-3938-4AC4-A73A-1BFB1CE744CF}.Debug|x64.Build.0 = Debug|x64
		{ABC2B2B4-3938-4AC4-A73A-1BFB1CE744CF}.Debug|x86.ActiveCfg = Debug|Win32
		{ABC2B2B4-3938-4AC4-A73A-1BFB1CE744CF}.Debug|x86.Build.0 = Debug|Win32
		{ABC2B2B4-3938-4AC4-A73A-1BFB1CE744CF}.Release|x64.ActiveCfg = Release|x64
		{ABC2B2B4-3938-4AC4-A73A-1BFB1CE744CF}.Release|x64.Build.0 = Release|x64
		{ABC2B2B4-3938-4AC4-A73A-1BFB1CE744CF}.Release|x86.ActiveCfg = Release|Win32
		{ABC2B2B4-3938-4AC4-A73A-1BFB1CE744CF}.Release|x86.Build.0 = Release|Win32
	EndGlobalSection
	GlobalSection(SolutionProperties) = preSolution
		HideSolutionNode = FALSE
	EndGlobalSection
	GlobalSection(ExtensibilityGlobals) = postSolution
		SolutionGuid = {3E786893-BCBD-4AF5-8C06-3424F5401BFB}
	EndGlobalSection
EndGlobal
